
Microsoft Visual Studio Solution File, Format Version 12.00
# Visual Studio 15
VisualStudioVersion = 15.0.27130.2020
MinimumVisualStudioVersion = 10.0.40219.1
Project("{FAE04EC0-301F-11D3-BF4B-00C04F79EFBC}") = "SpectrumAnalyzer", "SpectrumAnalyzer\SpectrumAnalyzer.csproj", "{BD676BB2-93D2-4412-A122-5DD0D2AA23C7}"
EndProject
Global
	GlobalSection(SolutionConfigurationPlatforms) = preSolution
		Debug|Any CPU = Debug|Any CPU
		Debug|x64 = Debug|x64
		Debug|x86 = Debug|x86
		Release|Any CPU = Release|Any CPU
		Release|x64 = Release|x64
		Release|x86 = Release|x86
	EndGlobalSection
	GlobalSection(ProjectConfigurationPlatforms) = postSolution
		{BD676BB2-93D2-4412-A122-5DD0D2AA23C7}.Debug|Any CPU.ActiveCfg = Debug|Any CPU
		{BD676BB2-93D2-4412-A122-5DD0D2AA23C7}.Debug|Any CPU.Build.0 = Debug|Any CPU
		{BD676BB2-93D2-4412-A122-5DD0D2AA23C7}.Debug|x64.ActiveCfg = Debug|x64
		{BD676BB2-93D2-4412-A122-5DD0D2AA23C7}.Debug|x64.Build.0 = Debug|x64
		{BD676BB2-93D2-4412-A122-5DD0D2AA23C7}.Debug|x86.ActiveCfg = Debug|x86
		{BD676BB2-93D2-4412-A122-5DD0D2AA23C7}.Debug|x86.Build.0 = Debug|x86
		{BD676BB2-93D2-4412-A122-5DD0D2AA23C7}.Release|Any CPU.ActiveCfg = Release|Any CPU
		{BD676BB2-93D2-4412-A122-5DD0D2AA23C7}.Release|Any CPU.Build.0 = Release|Any CPU
		{BD676BB2-93D2-4412-A122-5DD0D2AA23C7}.Release|x64.ActiveCfg = Release|x64
		{BD676BB2-93D2-4412-A122-5DD0D2AA23C7}.Release|x64.Build.0 = Release|x64
		{BD676BB2-93D2-4412-A122-5DD0D2AA23C7}.Release|x86.ActiveCfg = Release|x86
		{BD676BB2-93D2-4412-A122-5DD0D2AA23C7}.Release|x86.Build.0 = Release|x86
	EndGlobalSection
	GlobalSection(SolutionProperties) = preSolution
		HideSolutionNode = FALSE
	EndGlobalSection
	GlobalSection(ExtensibilityGlobals) = postSolution
		SolutionGuid = {653EC31C-5EEB-494B-AE33-D9AF4C8A047C}
	EndGlobalSection
EndGlobal
